
Microsoft Visual Studio Solution File, Format Version 12.00
# Visual Studio Version 17
VisualStudioVersion = 17.10.35122.118
MinimumVisualStudioVersion = 10.0.40219.1
Project("{FAE04EC0-301F-11D3-BF4B-00C04F79EFBC}") = "Same_Picture", "Same_Picture.csproj", "{A4CCC148-3C48-4760-A3CE-21BF765C551F}"
EndProject
Global
	GlobalSection(SolutionConfigurationPlatforms) = preSolution
		Debug|Any CPU = Debug|Any CPU
		Release|Any CPU = Release|Any CPU
	EndGlobalSection
	GlobalSection(ProjectConfigurationPlatforms) = postSolution
		{A4CCC148-3C48-4760-A3CE-21BF765C551F}.Debug|Any CPU.ActiveCfg = Debug|Any CPU
		{A4CCC148-3C48-4760-A3CE-21BF765C551F}.Debug|Any CPU.Build.0 = Debug|Any CPU
		{A4CCC148-3C48-4760-A3CE-21BF765C551F}.Release|Any CPU.ActiveCfg = Release|Any CPU
		{A4CCC148-3C48-4760-A3CE-21BF765C551F}.Release|Any CPU.Build.0 = Release|Any CPU
	EndGlobalSection
	GlobalSection(SolutionProperties) = preSolution
		HideSolutionNode = FALSE
	EndGlobalSection
	GlobalSection(ExtensibilityGlobals) = postSolution
		SolutionGuid = {0DEABA2C-4ABD-4925-9B78-8B769A109D33}
	EndGlobalSection
EndGlobal
